
Microsoft Visual Studio Solution File, Format Version 12.00
# Visual Studio Version 17
VisualStudioVersion = 17.5.33424.131
MinimumVisualStudioVersion = 10.0.40219.1
Project("{FAE04EC0-301F-11D3-BF4B-00C04F79EFBC}") = "6_2_interfejsy", "6_2_interfejsy.csproj", "{53B9419D-CE50-4A80-9E64-F5F7AF054B20}"
EndProject
Global
	GlobalSection(SolutionConfigurationPlatforms) = preSolution
		Debug|Any CPU = Debug|Any CPU
		Release|Any CPU = Release|Any CPU
	EndGlobalSection
	GlobalSection(ProjectConfigurationPlatforms) = postSolution
		{53B9419D-CE50-4A80-9E64-F5F7AF054B20}.Debug|Any CPU.ActiveCfg = Debug|Any CPU
		{53B9419D-CE50-4A80-9E64-F5F7AF054B20}.Debug|Any CPU.Build.0 = Debug|Any CPU
		{53B9419D-CE50-4A80-9E64-F5F7AF054B20}.Release|Any CPU.ActiveCfg = Release|Any CPU
		{53B9419D-CE50-4A80-9E64-F5F7AF054B20}.Release|Any CPU.Build.0 = Release|Any CPU
	EndGlobalSection
	GlobalSection(SolutionProperties) = preSolution
		HideSolutionNode = FALSE
	EndGlobalSection
	GlobalSection(ExtensibilityGlobals) = postSolution
		SolutionGuid = {8B6144E1-85CA-4986-BE70-6B955838BCF4}
	EndGlobalSection
EndGlobal
