
Microsoft Visual Studio Solution File, Format Version 12.00
# Visual Studio Version 17
VisualStudioVersion = 17.4.33213.308
MinimumVisualStudioVersion = 10.0.40219.1
Project("{FAE04EC0-301F-11D3-BF4B-00C04F79EFBC}") = "2_podstawy", "2_podstawy.csproj", "{C10A5097-6FD8-4ECF-80DF-3AD99FBBE2F8}"
EndProject
Global
	GlobalSection(SolutionConfigurationPlatforms) = preSolution
		Debug|Any CPU = Debug|Any CPU
		Release|Any CPU = Release|Any CPU
	EndGlobalSection
	GlobalSection(ProjectConfigurationPlatforms) = postSolution
		{C10A5097-6FD8-4ECF-80DF-3AD99FBBE2F8}.Debug|Any CPU.ActiveCfg = Debug|Any CPU
		{C10A5097-6FD8-4ECF-80DF-3AD99FBBE2F8}.Debug|Any CPU.Build.0 = Debug|Any CPU
		{C10A5097-6FD8-4ECF-80DF-3AD99FBBE2F8}.Release|Any CPU.ActiveCfg = Release|Any CPU
		{C10A5097-6FD8-4ECF-80DF-3AD99FBBE2F8}.Release|Any CPU.Build.0 = Release|Any CPU
	EndGlobalSection
	GlobalSection(SolutionProperties) = preSolution
		HideSolutionNode = FALSE
	EndGlobalSection
	GlobalSection(ExtensibilityGlobals) = postSolution
		SolutionGuid = {B73A6073-A957-4FC0-BC41-637409D4C68B}
	EndGlobalSection
EndGlobal
