
Microsoft Visual Studio Solution File, Format Version 12.00
# Visual Studio Version 17
VisualStudioVersion = 17.5.33530.505
MinimumVisualStudioVersion = 10.0.40219.1
Project("{FAE04EC0-301F-11D3-BF4B-00C04F79EFBC}") = "7_1_calc", "7_1_calc.csproj", "{0696104B-DEA7-44B6-A338-7F6DED3B177D}"
EndProject
Global
	GlobalSection(SolutionConfigurationPlatforms) = preSolution
		Debug|Any CPU = Debug|Any CPU
		Release|Any CPU = Release|Any CPU
	EndGlobalSection
	GlobalSection(ProjectConfigurationPlatforms) = postSolution
		{0696104B-DEA7-44B6-A338-7F6DED3B177D}.Debug|Any CPU.ActiveCfg = Debug|Any CPU
		{0696104B-DEA7-44B6-A338-7F6DED3B177D}.Debug|Any CPU.Build.0 = Debug|Any CPU
		{0696104B-DEA7-44B6-A338-7F6DED3B177D}.Release|Any CPU.ActiveCfg = Release|Any CPU
		{0696104B-DEA7-44B6-A338-7F6DED3B177D}.Release|Any CPU.Build.0 = Release|Any CPU
	EndGlobalSection
	GlobalSection(SolutionProperties) = preSolution
		HideSolutionNode = FALSE
	EndGlobalSection
	GlobalSection(ExtensibilityGlobals) = postSolution
		SolutionGuid = {11387913-CC56-4E38-9BBF-612C304ECA66}
	EndGlobalSection
EndGlobal
